{
  "name": "keybr.com-corpus",
  "version": "1.0.0",
  "lockfileVersion": 3,
  "requires": true,
  "packages": {
    "": {
      "name": "keybr.com-corpus",
      "version": "1.0.0",
      "dependencies": {
        "chalk": "^5.4.1",
        "dictionary-be": "^1.0.0",
        "dictionary-bg": "^2.0.0",
        "dictionary-ca": "^3.0.0",
        "dictionary-cs": "^4.0.0",
        "dictionary-de": "^3.0.0",
        "dictionary-el": "^4.0.0",
        "dictionary-en": "^4.0.0",
        "dictionary-es": "^4.0.0",
        "dictionary-et": "^2.0.0",
        "dictionary-fa": "^2.0.0",
        "dictionary-fr": "^3.0.0",
        "dictionary-ga": "^3.0.0",
        "dictionary-he": "^2.0.0",
        "dictionary-hr": "^2.0.0",
        "dictionary-hu": "^3.0.0",
        "dictionary-it": "^2.0.0",
        "dictionary-lt": "^2.0.0",
        "dictionary-lv": "^2.0.0",
        "dictionary-nb": "^3.0.0",
        "dictionary-nl": "^2.0.0",
        "dictionary-pl": "^2.0.0",
        "dictionary-pt": "^4.0.0",
        "dictionary-pt-pt": "^2.0.0",
        "dictionary-ro": "^3.0.0",
        "dictionary-ru": "^3.0.0",
        "dictionary-sk": "^2.0.0",
        "dictionary-sl": "^3.0.0",
        "dictionary-sv": "^4.0.0",
        "dictionary-tr": "^2.0.0",
        "dictionary-uk": "^4.0.0",
        "glob": "^11.0.1",
        "nspell": "^2.1.5"
      },
      "devDependencies": {
        "prettier": "^3.5.3"
      }
    },
    "node_modules/@isaacs/cliui": {
      "version": "8.0.2",
      "resolved": "https://registry.npmjs.org/@isaacs/cliui/-/cliui-8.0.2.tgz",
      "integrity": "sha512-O8jcjabXaleOG9DQ0+ARXWZBTfnP4WNAqzuiJK7ll44AmxGKv/J2M4TPjxjY3znBCfvBXFzucm1twdyFybFqEA==",
      "license": "ISC",
      "dependencies": {
        "string-width": "^5.1.2",
        "string-width-cjs": "npm:string-width@^4.2.0",
        "strip-ansi": "^7.0.1",
        "strip-ansi-cjs": "npm:strip-ansi@^6.0.1",
        "wrap-ansi": "^8.1.0",
        "wrap-ansi-cjs": "npm:wrap-ansi@^7.0.0"
      },
      "engines": {
        "node": ">=12"
      }
    },
    "node_modules/ansi-regex": {
      "version": "6.1.0",
      "resolved": "https://registry.npmjs.org/ansi-regex/-/ansi-regex-6.1.0.tgz",
      "integrity": "sha512-7HSX4QQb4CspciLpVFwyRe79O3xsIZDDLER21kERQ71oaPodF8jL725AgJMFAYbooIqolJoRLuM81SpeUkpkvA==",
      "license": "MIT",
      "engines": {
        "node": ">=12"
      },
      "funding": {
        "url": "https://github.com/chalk/ansi-regex?sponsor=1"
      }
    },
    "node_modules/ansi-styles": {
      "version": "6.2.1",
      "resolved": "https://registry.npmjs.org/ansi-styles/-/ansi-styles-6.2.1.tgz",
      "integrity": "sha512-bN798gFfQX+viw3R7yrGWRqnrN2oRkEkUjjl4JNn4E8GxxbjtG3FbrEIIY3l8/hrwUwIeCZvi4QuOTP4MErVug==",
      "license": "MIT",
      "engines": {
        "node": ">=12"
      },
      "funding": {
        "url": "https://github.com/chalk/ansi-styles?sponsor=1"
      }
    },
    "node_modules/balanced-match": {
      "version": "1.0.2",
      "resolved": "https://registry.npmjs.org/balanced-match/-/balanced-match-1.0.2.tgz",
      "integrity": "sha512-3oSeUO0TMV67hN1AmbXsK4yaqU7tjiHlbxRDZOpH0KW9+CeX4bRAaX0Anxt0tx2MrpRpWwQaPwIlISEJhYU5Pw==",
      "license": "MIT"
    },
    "node_modules/brace-expansion": {
      "version": "2.0.1",
      "resolved": "https://registry.npmjs.org/brace-expansion/-/brace-expansion-2.0.1.tgz",
      "integrity": "sha512-XnAIvQ8eM+kC6aULx6wuQiwVsnzsi9d3WxzV3FpWTGA19F621kwdbsAcFKXgKUHZWsy+mY6iL1sHTxWEFCytDA==",
      "license": "MIT",
      "dependencies": {
        "balanced-match": "^1.0.0"
      }
    },
    "node_modules/chalk": {
      "version": "5.4.1",
      "resolved": "https://registry.npmjs.org/chalk/-/chalk-5.4.1.tgz",
      "integrity": "sha512-zgVZuo2WcZgfUEmsn6eO3kINexW8RAE4maiQ8QNs8CtpPCSyMiYsULR3HQYkm3w8FIA3SberyMJMSldGsW+U3w==",
      "license": "MIT",
      "engines": {
        "node": "^12.17.0 || ^14.13 || >=16.0.0"
      },
      "funding": {
        "url": "https://github.com/chalk/chalk?sponsor=1"
      }
    },
    "node_modules/color-convert": {
      "version": "2.0.1",
      "resolved": "https://registry.npmjs.org/color-convert/-/color-convert-2.0.1.tgz",
      "integrity": "sha512-RRECPsj7iu/xb5oKYcsFHSppFNnsj/52OVTRKb4zP5onXwVF3zVmmToNcOfGC+CRDpfK/U584fMg38ZHCaElKQ==",
      "license": "MIT",
      "dependencies": {
        "color-name": "~1.1.4"
      },
      "engines": {
        "node": ">=7.0.0"
      }
    },
    "node_modules/color-name": {
      "version": "1.1.4",
      "resolved": "https://registry.npmjs.org/color-name/-/color-name-1.1.4.tgz",
      "integrity": "sha512-dOy+3AuW3a2wNbZHIuMZpTcgjGuLU/uBL/ubcZF9OXbDo8ff4O8yVp5Bf0efS8uEoYo5q4Fx7dY9OgQGXgAsQA==",
      "license": "MIT"
    },
    "node_modules/cross-spawn": {
      "version": "7.0.6",
      "resolved": "https://registry.npmjs.org/cross-spawn/-/cross-spawn-7.0.6.tgz",
      "integrity": "sha512-uV2QOWP2nWzsy2aMp8aRibhi9dlzF5Hgh5SHaB9OiTGEyDTiJJyx0uy51QXdyWbtAHNua4XJzUKca3OzKUd3vA==",
      "license": "MIT",
      "dependencies": {
        "path-key": "^3.1.0",
        "shebang-command": "^2.0.0",
        "which": "^2.0.1"
      },
      "engines": {
        "node": ">= 8"
      }
    },
    "node_modules/dictionary-be": {
      "version": "1.0.0",
      "resolved": "https://registry.npmjs.org/dictionary-be/-/dictionary-be-1.0.0.tgz",
      "integrity": "sha512-LePzzyr9Y3Jc3cun88/nKmIkGH+IyFwnqGby9MffuvgoFjsakf9shM5nF8rMaQVqTPF63RGkJbnOtymwO40afA==",
      "license": "CC-BY-SA-3.0",
      "funding": {
        "type": "github",
        "url": "https://github.com/sponsors/medzuslovjansky"
      }
    },
    "node_modules/dictionary-bg": {
      "version": "2.0.0",
      "resolved": "https://registry.npmjs.org/dictionary-bg/-/dictionary-bg-2.0.0.tgz",
      "integrity": "sha512-70UDaLQbCThnaA1w14bmh8d6icEKyz2H6ud8edsa8GPVGD6tQ/vWu2JgrWG6EnbYDWvExGu+rQf3S1Z2BEngtQ==",
      "license": "(GPL-2.0 OR LGPL-2.1 OR MPL-1.1)",
      "funding": {
        "type": "github",
        "url": "https://github.com/sponsors/wooorm"
      }
    },
    "node_modules/dictionary-ca": {
      "version": "3.0.0",
      "resolved": "https://registry.npmjs.org/dictionary-ca/-/dictionary-ca-3.0.0.tgz",
      "integrity": "sha512-h+crBYqX/X7cEU3cFAEgwIojOZTAw1wW4ybYN5Aum9f1oZ+8ULO/GGglLs8m8UBBGtSVLyoYf0CdvX8WKt8VDg==",
      "license": "(GPL-2.0 OR LGPL-2.1)",
      "funding": {
        "type": "github",
        "url": "https://github.com/sponsors/wooorm"
      }
    },
    "node_modules/dictionary-cs": {
      "version": "4.0.0",
      "resolved": "https://registry.npmjs.org/dictionary-cs/-/dictionary-cs-4.0.0.tgz",
      "integrity": "sha512-foYC1H71sxEx2QwppL4liEFAD+O5wlyJeZkTFqwz7ux85dI8kQFc8sDmWeObPEXsTtksiuwv+OOdfS2mFY1YVA==",
      "license": "GPL-2.0",
      "funding": {
        "type": "github",
        "url": "https://github.com/sponsors/wooorm"
      }
    },
    "node_modules/dictionary-de": {
      "version": "3.0.0",
      "resolved": "https://registry.npmjs.org/dictionary-de/-/dictionary-de-3.0.0.tgz",
      "integrity": "sha512-0Xbq+YpWTscAL1e18aPPaqfG4goC2o9T595L/54v2OvOPC0/TJFFlclYanxuUoK73wutM5f9EgSuWGkvQXlOXw==",
      "license": "(GPL-2.0 OR GPL-3.0)",
      "funding": {
        "type": "github",
        "url": "https://github.com/sponsors/wooorm"
      }
    },
    "node_modules/dictionary-el": {
      "version": "4.0.0",
      "resolved": "https://registry.npmjs.org/dictionary-el/-/dictionary-el-4.0.0.tgz",
      "integrity": "sha512-m8dWp+AIeGnUGBOBH7gx9YeQunMYdoKXKFvdSqzKPuJjz2Tb/pdW7oxG8lIKtASLHTCsf7RZoiuQbVRHJsSNCw==",
      "license": "(GPL-2.0 OR LGPL-2.1 OR MPL-1.1)",
      "funding": {
        "type": "github",
        "url": "https://github.com/sponsors/wooorm"
      }
    },
    "node_modules/dictionary-en": {
      "version": "4.0.0",
      "resolved": "https://registry.npmjs.org/dictionary-en/-/dictionary-en-4.0.0.tgz",
      "integrity": "sha512-3NHnE1uq33ZE/CIwaZ6gqxa4BnglHnxeAcTM0GJ7cmtRGcvX9InMK/IqLtYcUMFCUpUNgybH+DzkqdgAo3F1zg==",
      "license": "(MIT AND BSD)",
      "funding": {
        "type": "github",
        "url": "https://github.com/sponsors/wooorm"
      }
    },
    "node_modules/dictionary-es": {
      "version": "4.0.0",
      "resolved": "https://registry.npmjs.org/dictionary-es/-/dictionary-es-4.0.0.tgz",
      "integrity": "sha512-8J3IYdaHYmkojxqhB+DneQpek6N/s3MwbVk3bPNGQSTBT5kxJtmbuiT0LSDP0Al6K9Vevo1sjspG8AGP9Yvxiw==",
      "license": "(GPL-3.0 OR LGPL-3.0 OR MPL-1.1)",
      "funding": {
        "type": "github",
        "url": "https://github.com/sponsors/wooorm"
      }
    },
    "node_modules/dictionary-et": {
      "version": "2.0.0",
      "resolved": "https://registry.npmjs.org/dictionary-et/-/dictionary-et-2.0.0.tgz",
      "integrity": "sha512-MxyW1AvySPuXTrKikX9gXGj4R039kYd33xuJw4Pk5TllKitfZYp+rSiOVYI9azDW5foAXBYclPdkVglA5iNKQw==",
      "license": "LGPL-2.1",
      "funding": {
        "type": "github",
        "url": "https://github.com/sponsors/wooorm"
      }
    },
    "node_modules/dictionary-fa": {
      "version": "2.0.0",
      "resolved": "https://registry.npmjs.org/dictionary-fa/-/dictionary-fa-2.0.0.tgz",
      "integrity": "sha512-FEvC923119V9sJ5MKbXOssauLTHJ4zxwUhFLGaC1sETJASWF01Xcank24achQtm1f2eDzZgyWphzbjy3M5u2Lw==",
      "license": "Apache-2.0",
      "funding": {
        "type": "github",
        "url": "https://github.com/sponsors/wooorm"
      }
    },
    "node_modules/dictionary-fr": {
      "version": "3.0.0",
      "resolved": "https://registry.npmjs.org/dictionary-fr/-/dictionary-fr-3.0.0.tgz",
      "integrity": "sha512-fhDRX1cRyHPA69GJg8R4XgNYgSQvbNHj3kr5UqvEG1OS5pJqH6P3GbO7wpTCwvr5KMQ0NxGIsXps9P5NyXRVEg==",
      "license": "MPL-2.0",
      "funding": {
        "type": "github",
        "url": "https://github.com/sponsors/wooorm"
      }
    },
    "node_modules/dictionary-ga": {
      "version": "3.0.0",
      "resolved": "https://registry.npmjs.org/dictionary-ga/-/dictionary-ga-3.0.0.tgz",
      "integrity": "sha512-zj4jYB3b9ZRpFwr5niIQn9QKdoS6ZWn55XcMgFshekGKTzUwcFPWct50jOMg8g8uy7eu3rMCx+ddqJERXU5/BQ==",
      "license": "GPL-2.0",
      "funding": {
        "type": "github",
        "url": "https://github.com/sponsors/wooorm"
      }
    },
    "node_modules/dictionary-he": {
      "version": "2.0.0",
      "resolved": "https://registry.npmjs.org/dictionary-he/-/dictionary-he-2.0.0.tgz",
      "integrity": "sha512-lHtYauHajRL+gnS1iI50RANqn+ce1NnQwbxim2WD6PtX4NXME0vFiqkW/BFAae0kaT1+/86Ze15GAnwsTBBNGA==",
      "license": "AGPL-3.0",
      "funding": {
        "type": "github",
        "url": "https://github.com/sponsors/wooorm"
      }
    },
    "node_modules/dictionary-hr": {
      "version": "2.0.0",
      "resolved": "https://registry.npmjs.org/dictionary-hr/-/dictionary-hr-2.0.0.tgz",
      "integrity": "sha512-kQoiUkcZAbubqpLSh54cpMWJ8hWJI7UObCwrCzTbrulxdFseSmANPYnxH9CJ/Rz/WhMkNP6JW+Di/BnEN+LKGw==",
      "license": "(LGPL-2.1 OR SISSL)",
      "funding": {
        "type": "github",
        "url": "https://github.com/sponsors/wooorm"
      }
    },
    "node_modules/dictionary-hu": {
      "version": "3.0.0",
      "resolved": "https://registry.npmjs.org/dictionary-hu/-/dictionary-hu-3.0.0.tgz",
      "integrity": "sha512-yTOarR7/KU/E1VbqzCru8hX0TMtQGWo6JF5CBBBbsqodzBhPxO+rHrmRSrXUMlcsPieqm3wWQtXuO/3OjQ95gw==",
      "license": "(GPL-2.0 OR LGPL-2.1 OR MPL-1.1)",
      "funding": {
        "type": "github",
        "url": "https://github.com/sponsors/wooorm"
      }
    },
    "node_modules/dictionary-it": {
      "version": "2.0.0",
      "resolved": "https://registry.npmjs.org/dictionary-it/-/dictionary-it-2.0.0.tgz",
      "integrity": "sha512-klTygBjKRYKEeDmqLfDpI9eDCj334TQhbq2zExKREV4CMPiUsnXnO/0CGMTiRTRL+Wk+qXd0fKfEZbgw+gnjHw==",
      "license": "GPL-3.0",
      "funding": {
        "type": "github",
        "url": "https://github.com/sponsors/wooorm"
      }
    },
    "node_modules/dictionary-lt": {
      "version": "2.0.0",
      "resolved": "https://registry.npmjs.org/dictionary-lt/-/dictionary-lt-2.0.0.tgz",
      "integrity": "sha512-NPuz8zyQn92yX1tc/W7yADmHuTpPQ6rNY+LWiWyWFJvqV6jQgg/Ag7jsY9LfVFIiv2uQ/LgrIHC5/XlhHcgs4Q==",
      "license": "BSD-3-Clause",
      "funding": {
        "type": "github",
        "url": "https://github.com/sponsors/wooorm"
      }
    },
    "node_modules/dictionary-lv": {
      "version": "2.0.0",
      "resolved": "https://registry.npmjs.org/dictionary-lv/-/dictionary-lv-2.0.0.tgz",
      "integrity": "sha512-jtPBAmcXELIj6br9Tmi8CwNgiE8AKn7BrhdQo7i+9kqkWJYKwDHTthVBe5FsvafRCWL7LAt2l70f4BLEJfkHBw==",
      "license": "LGPL-2.1",
      "funding": {
        "type": "github",
        "url": "https://github.com/sponsors/wooorm"
      }
    },
    "node_modules/dictionary-nb": {
      "version": "3.0.0",
      "resolved": "https://registry.npmjs.org/dictionary-nb/-/dictionary-nb-3.0.0.tgz",
      "integrity": "sha512-YemD394r1z5BrC1HUsV7iF6zLIalFBbcDfMCn4OV+KP3fRqC5VBLuohGBGmKnCmwwXSJmhOjmzaQY2cbK61iFw==",
      "license": "GPL-2.0",
      "funding": {
        "type": "github",
        "url": "https://github.com/sponsors/wooorm"
      }
    },
    "node_modules/dictionary-nl": {
      "version": "2.0.0",
      "resolved": "https://registry.npmjs.org/dictionary-nl/-/dictionary-nl-2.0.0.tgz",
      "integrity": "sha512-BJRu3jT52mEjDunbpC9Y1UiQJy22VUuA/N6s2Oc5KuN+hHS3MDCoTQiyjifePd2rlHtZSy0fGZaB0qXiCGh7Vw==",
      "license": "(BSD-3-Clause OR CC-BY-3.0)",
      "funding": {
        "type": "github",
        "url": "https://github.com/sponsors/wooorm"
      }
    },
    "node_modules/dictionary-pl": {
      "version": "2.0.0",
      "resolved": "https://registry.npmjs.org/dictionary-pl/-/dictionary-pl-2.0.0.tgz",
      "integrity": "sha512-jg1j4DM12i6oyp34Re5UeVYZAh2u4Y0Qi8zUfLVQjRmUQA8PsHO41ShoZLDwcQm7mWfeTeZjDPLv9wygPdqj3Q==",
      "license": "(GPL-3.0 OR LGPL-3.0 OR MPL-2.0)",
      "funding": {
        "type": "github",
        "url": "https://github.com/sponsors/wooorm"
      }
    },
    "node_modules/dictionary-pt": {
      "version": "4.0.0",
      "resolved": "https://registry.npmjs.org/dictionary-pt/-/dictionary-pt-4.0.0.tgz",
      "integrity": "sha512-ryJRhAtsaunBWw9grYXmVFftfab8+BCQ5wwh7fUzWO0oYEeMuR1lW2ubu1AHdvxOL32XP+u5wW/XhbFuoFuq8Q==",
      "license": "(LGPL-3.0 OR MPL-2.0)",
      "funding": {
        "type": "github",
        "url": "https://github.com/sponsors/wooorm"
      }
    },
    "node_modules/dictionary-pt-pt": {
      "version": "2.0.0",
      "resolved": "https://registry.npmjs.org/dictionary-pt-pt/-/dictionary-pt-pt-2.0.0.tgz",
      "integrity": "sha512-N44fxg2uDhF71Ql20zpe6BpdMlVkOT7oyjltuOhRwb2mx2SX3CJ/lqUE6+/HKZdqaxggqNbM/qv02a+Sa1XQiA==",
      "license": "(GPL-2.0 OR LGPL-2.1 OR MPL-1.1)",
      "funding": {
        "type": "github",
        "url": "https://github.com/sponsors/wooorm"
      }
    },
    "node_modules/dictionary-ro": {
      "version": "3.0.0",
      "resolved": "https://registry.npmjs.org/dictionary-ro/-/dictionary-ro-3.0.0.tgz",
      "integrity": "sha512-kcR0BSFq16g1jCKpn15jpyio3ztMMS+O3PK4TE8ird8XjBgSAr2RRH0VoLG4uzMG1CFQNix/cHLne1wBu3CcTg==",
      "license": "(GPL-2.0 OR LGPL-2.1 OR MPL-1.1)",
      "funding": {
        "type": "github",
        "url": "https://github.com/sponsors/wooorm"
      }
    },
    "node_modules/dictionary-ru": {
      "version": "3.0.0",
      "resolved": "https://registry.npmjs.org/dictionary-ru/-/dictionary-ru-3.0.0.tgz",
      "integrity": "sha512-tigem0CDnNpxEciW6ktwVH3wWB4FYpuvpwA6IR6UlF7bVu2kez6vOejVNyZgBX1TJIjuYTCTuLxzg/YOls2mRQ==",
      "license": "BSD-3-Clause",
      "funding": {
        "type": "github",
        "url": "https://github.com/sponsors/wooorm"
      }
    },
    "node_modules/dictionary-sk": {
      "version": "2.0.0",
      "resolved": "https://registry.npmjs.org/dictionary-sk/-/dictionary-sk-2.0.0.tgz",
      "integrity": "sha512-rC+CQwuwURS7Cd2MWa5KXoFTdfZ7bAzgaCUM/4nGZxe1ySDksoYppGzX1vcYObqTCiQwKmsP4GwwGk+Ygsrzkg==",
      "license": "(GPL-2.0 OR LGPL-2.1 OR MPL-1.1)",
      "funding": {
        "type": "github",
        "url": "https://github.com/sponsors/wooorm"
      }
    },
    "node_modules/dictionary-sl": {
      "version": "3.0.0",
      "resolved": "https://registry.npmjs.org/dictionary-sl/-/dictionary-sl-3.0.0.tgz",
      "integrity": "sha512-+i2WB6ZFOiejKS0XCo24OMG2aM2mqZfEX7zF98H1lFhllxb+EyQvFgQo92nCEA0gwRpfyVWRyQPMJBVIZU10iw==",
      "license": "(GPL-3.0 OR LGPL-2.1)",
      "funding": {
        "type": "github",
        "url": "https://github.com/sponsors/wooorm"
      }
    },
    "node_modules/dictionary-sv": {
      "version": "4.0.0",
      "resolved": "https://registry.npmjs.org/dictionary-sv/-/dictionary-sv-4.0.0.tgz",
      "integrity": "sha512-GJM7IHfEHmSUecp9EbwX5efQe6CVdytFy5vDIJTT4dEDtwuEMyJGs7nqGuuK44Dtic36p4f0duWW5WogK9yzBw==",
      "license": "LGPL-3.0",
      "funding": {
        "type": "github",
        "url": "https://github.com/sponsors/wooorm"
      }
    },
    "node_modules/dictionary-tr": {
      "version": "2.0.0",
      "resolved": "https://registry.npmjs.org/dictionary-tr/-/dictionary-tr-2.0.0.tgz",
      "integrity": "sha512-Du0PHWIqAlNheOUEDgGea0lmEV4L/T57EvG4231IUeSWySSDZ8wj5TKo2Vlkx7j9RVD07XqZQLDCtOZvhll6xA==",
      "license": "MIT",
      "funding": {
        "type": "github",
        "url": "https://github.com/sponsors/wooorm"
      }
    },
    "node_modules/dictionary-uk": {
      "version": "4.0.0",
      "resolved": "https://registry.npmjs.org/dictionary-uk/-/dictionary-uk-4.0.0.tgz",
      "integrity": "sha512-AgeLt1iIi3lvUQ8DpEvqhikPvnwF+ffYLdjP0lrh+iOhCwTMhmDRvczyPqIksmHAWxRkFfgDcn7Qw/23GJ/GvA==",
      "license": "GPL-3.0",
      "funding": {
        "type": "github",
        "url": "https://github.com/sponsors/wooorm"
      }
    },
    "node_modules/eastasianwidth": {
      "version": "0.2.0",
      "resolved": "https://registry.npmjs.org/eastasianwidth/-/eastasianwidth-0.2.0.tgz",
      "integrity": "sha512-I88TYZWc9XiYHRQ4/3c5rjjfgkjhLyW2luGIheGERbNQ6OY7yTybanSpDXZa8y7VUP9YmDcYa+eyq4ca7iLqWA==",
      "license": "MIT"
    },
    "node_modules/emoji-regex": {
      "version": "9.2.2",
      "resolved": "https://registry.npmjs.org/emoji-regex/-/emoji-regex-9.2.2.tgz",
      "integrity": "sha512-L18DaJsXSUk2+42pv8mLs5jJT2hqFkFE4j21wOmgbUqsZ2hL72NsUU785g9RXgo3s0ZNgVl42TiHp3ZtOv/Vyg==",
      "license": "MIT"
    },
    "node_modules/foreground-child": {
      "version": "3.3.0",
      "resolved": "https://registry.npmjs.org/foreground-child/-/foreground-child-3.3.0.tgz",
      "integrity": "sha512-Ld2g8rrAyMYFXBhEqMz8ZAHBi4J4uS1i/CxGMDnjyFWddMXLVcDp051DZfu+t7+ab7Wv6SMqpWmyFIj5UbfFvg==",
      "license": "ISC",
      "dependencies": {
        "cross-spawn": "^7.0.0",
        "signal-exit": "^4.0.1"
      },
      "engines": {
        "node": ">=14"
      },
      "funding": {
        "url": "https://github.com/sponsors/isaacs"
      }
    },
    "node_modules/glob": {
      "version": "11.0.1",
      "resolved": "https://registry.npmjs.org/glob/-/glob-11.0.1.tgz",
      "integrity": "sha512-zrQDm8XPnYEKawJScsnM0QzobJxlT/kHOOlRTio8IH/GrmxRE5fjllkzdaHclIuNjUQTJYH2xHNIGfdpJkDJUw==",
      "license": "ISC",
      "dependencies": {
        "foreground-child": "^3.1.0",
        "jackspeak": "^4.0.1",
        "minimatch": "^10.0.0",
        "minipass": "^7.1.2",
        "package-json-from-dist": "^1.0.0",
        "path-scurry": "^2.0.0"
      },
      "bin": {
        "glob": "dist/esm/bin.mjs"
      },
      "engines": {
        "node": "20 || >=22"
      },
      "funding": {
        "url": "https://github.com/sponsors/isaacs"
      }
    },
    "node_modules/is-buffer": {
      "version": "2.0.5",
      "resolved": "https://registry.npmjs.org/is-buffer/-/is-buffer-2.0.5.tgz",
      "integrity": "sha512-i2R6zNFDwgEHJyQUtJEk0XFi1i0dPFn/oqjK3/vPCcDeJvW5NQ83V8QbicfF1SupOaB0h8ntgBC2YiE7dfyctQ==",
      "funding": [
        {
          "type": "github",
          "url": "https://github.com/sponsors/feross"
        },
        {
          "type": "patreon",
          "url": "https://www.patreon.com/feross"
        },
        {
          "type": "consulting",
          "url": "https://feross.org/support"
        }
      ],
      "license": "MIT",
      "engines": {
        "node": ">=4"
      }
    },
    "node_modules/is-fullwidth-code-point": {
      "version": "3.0.0",
      "resolved": "https://registry.npmjs.org/is-fullwidth-code-point/-/is-fullwidth-code-point-3.0.0.tgz",
      "integrity": "sha512-zymm5+u+sCsSWyD9qNaejV3DFvhCKclKdizYaJUuHA83RLjb7nSuGnddCHGv0hk+KY7BMAlsWeK4Ueg6EV6XQg==",
      "license": "MIT",
      "engines": {
        "node": ">=8"
      }
    },
    "node_modules/isexe": {
      "version": "2.0.0",
      "resolved": "https://registry.npmjs.org/isexe/-/isexe-2.0.0.tgz",
      "integrity": "sha512-RHxMLp9lnKHGHRng9QFhRCMbYAcVpn69smSGcq3f36xjgVVWThj4qqLbTLlq7Ssj8B+fIQ1EuCEGI2lKsyQeIw==",
      "license": "ISC"
    },
    "node_modules/jackspeak": {
      "version": "4.0.2",
      "resolved": "https://registry.npmjs.org/jackspeak/-/jackspeak-4.0.2.tgz",
      "integrity": "sha512-bZsjR/iRjl1Nk1UkjGpAzLNfQtzuijhn2g+pbZb98HQ1Gk8vM9hfbxeMBP+M2/UUdwj0RqGG3mlvk2MsAqwvEw==",
      "license": "BlueOak-1.0.0",
      "dependencies": {
        "@isaacs/cliui": "^8.0.2"
      },
      "engines": {
        "node": "20 || >=22"
      },
      "funding": {
        "url": "https://github.com/sponsors/isaacs"
      }
    },
    "node_modules/lru-cache": {
      "version": "11.0.2",
      "resolved": "https://registry.npmjs.org/lru-cache/-/lru-cache-11.0.2.tgz",
      "integrity": "sha512-123qHRfJBmo2jXDbo/a5YOQrJoHF/GNQTLzQ5+IdK5pWpceK17yRc6ozlWd25FxvGKQbIUs91fDFkXmDHTKcyA==",
      "license": "ISC",
      "engines": {
        "node": "20 || >=22"
      }
    },
    "node_modules/minimatch": {
      "version": "10.0.1",
      "resolved": "https://registry.npmjs.org/minimatch/-/minimatch-10.0.1.tgz",
      "integrity": "sha512-ethXTt3SGGR+95gudmqJ1eNhRO7eGEGIgYA9vnPatK4/etz2MEVDno5GMCibdMTuBMyElzIlgxMna3K94XDIDQ==",
      "license": "ISC",
      "dependencies": {
        "brace-expansion": "^2.0.1"
      },
      "engines": {
        "node": "20 || >=22"
      },
      "funding": {
        "url": "https://github.com/sponsors/isaacs"
      }
    },
    "node_modules/minipass": {
      "version": "7.1.2",
      "resolved": "https://registry.npmjs.org/minipass/-/minipass-7.1.2.tgz",
      "integrity": "sha512-qOOzS1cBTWYF4BH8fVePDBOO9iptMnGUEZwNc/cMWnTV2nVLZ7VoNWEPHkYczZA0pdoA7dl6e7FL659nX9S2aw==",
      "license": "ISC",
      "engines": {
        "node": ">=16 || 14 >=14.17"
      }
    },
    "node_modules/nspell": {
      "version": "2.1.5",
      "resolved": "https://registry.npmjs.org/nspell/-/nspell-2.1.5.tgz",
      "integrity": "sha512-PSStyugKMiD9mHmqI/CR5xXrSIGejUXPlo88FBRq5Og1kO5QwQ5Ilu8D8O5I/SHpoS+mibpw6uKA8rd3vXd2Sg==",
      "license": "MIT",
      "dependencies": {
        "is-buffer": "^2.0.0"
      }
    },
    "node_modules/package-json-from-dist": {
      "version": "1.0.1",
      "resolved": "https://registry.npmjs.org/package-json-from-dist/-/package-json-from-dist-1.0.1.tgz",
      "integrity": "sha512-UEZIS3/by4OC8vL3P2dTXRETpebLI2NiI5vIrjaD/5UtrkFX/tNbwjTSRAGC/+7CAo2pIcBaRgWmcBBHcsaCIw==",
      "license": "BlueOak-1.0.0"
    },
    "node_modules/path-key": {
      "version": "3.1.1",
      "resolved": "https://registry.npmjs.org/path-key/-/path-key-3.1.1.tgz",
      "integrity": "sha512-ojmeN0qd+y0jszEtoY48r0Peq5dwMEkIlCOu6Q5f41lfkswXuKtYrhgoTpLnyIcHm24Uhqx+5Tqm2InSwLhE6Q==",
      "license": "MIT",
      "engines": {
        "node": ">=8"
      }
    },
    "node_modules/path-scurry": {
      "version": "2.0.0",
      "resolved": "https://registry.npmjs.org/path-scurry/-/path-scurry-2.0.0.tgz",
      "integrity": "sha512-ypGJsmGtdXUOeM5u93TyeIEfEhM6s+ljAhrk5vAvSx8uyY/02OvrZnA0YNGUrPXfpJMgI1ODd3nwz8Npx4O4cg==",
      "license": "BlueOak-1.0.0",
      "dependencies": {
        "lru-cache": "^11.0.0",
        "minipass": "^7.1.2"
      },
      "engines": {
        "node": "20 || >=22"
      },
      "funding": {
        "url": "https://github.com/sponsors/isaacs"
      }
    },
    "node_modules/prettier": {
      "version": "3.5.3",
      "resolved": "https://registry.npmjs.org/prettier/-/prettier-3.5.3.tgz",
      "integrity": "sha512-QQtaxnoDJeAkDvDKWCLiwIXkTgRhwYDEQCghU9Z6q03iyek/rxRh/2lC3HB7P8sWT2xC/y5JDctPLBIGzHKbhw==",
      "dev": true,
      "license": "MIT",
      "bin": {
        "prettier": "bin/prettier.cjs"
      },
      "engines": {
        "node": ">=14"
      },
      "funding": {
        "url": "https://github.com/prettier/prettier?sponsor=1"
      }
    },
    "node_modules/shebang-command": {
      "version": "2.0.0",
      "resolved": "https://registry.npmjs.org/shebang-command/-/shebang-command-2.0.0.tgz",
      "integrity": "sha512-kHxr2zZpYtdmrN1qDjrrX/Z1rR1kG8Dx+gkpK1G4eXmvXswmcE1hTWBWYUzlraYw1/yZp6YuDY77YtvbN0dmDA==",
      "license": "MIT",
      "dependencies": {
        "shebang-regex": "^3.0.0"
      },
      "engines": {
        "node": ">=8"
      }
    },
    "node_modules/shebang-regex": {
      "version": "3.0.0",
      "resolved": "https://registry.npmjs.org/shebang-regex/-/shebang-regex-3.0.0.tgz",
      "integrity": "sha512-7++dFhtcx3353uBaq8DDR4NuxBetBzC7ZQOhmTQInHEd6bSrXdiEyzCvG07Z44UYdLShWUyXt5M/yhz8ekcb1A==",
      "license": "MIT",
      "engines": {
        "node": ">=8"
      }
    },
    "node_modules/signal-exit": {
      "version": "4.1.0",
      "resolved": "https://registry.npmjs.org/signal-exit/-/signal-exit-4.1.0.tgz",
      "integrity": "sha512-bzyZ1e88w9O1iNJbKnOlvYTrWPDl46O1bG0D3XInv+9tkPrxrN8jUUTiFlDkkmKWgn1M6CfIA13SuGqOa9Korw==",
      "license": "ISC",
      "engines": {
        "node": ">=14"
      },
      "funding": {
        "url": "https://github.com/sponsors/isaacs"
      }
    },
    "node_modules/string-width": {
      "version": "5.1.2",
      "resolved": "https://registry.npmjs.org/string-width/-/string-width-5.1.2.tgz",
      "integrity": "sha512-HnLOCR3vjcY8beoNLtcjZ5/nxn2afmME6lhrDrebokqMap+XbeW8n9TXpPDOqdGK5qcI3oT0GKTW6wC7EMiVqA==",
      "license": "MIT",
      "dependencies": {
        "eastasianwidth": "^0.2.0",
        "emoji-regex": "^9.2.2",
        "strip-ansi": "^7.0.1"
      },
      "engines": {
        "node": ">=12"
      },
      "funding": {
        "url": "https://github.com/sponsors/sindresorhus"
      }
    },
    "node_modules/string-width-cjs": {
      "name": "string-width",
      "version": "4.2.3",
      "resolved": "https://registry.npmjs.org/string-width/-/string-width-4.2.3.tgz",
      "integrity": "sha512-wKyQRQpjJ0sIp62ErSZdGsjMJWsap5oRNihHhu6G7JVO/9jIB6UyevL+tXuOqrng8j/cxKTWyWUwvSTriiZz/g==",
      "license": "MIT",
      "dependencies": {
        "emoji-regex": "^8.0.0",
        "is-fullwidth-code-point": "^3.0.0",
        "strip-ansi": "^6.0.1"
      },
      "engines": {
        "node": ">=8"
      }
    },
    "node_modules/string-width-cjs/node_modules/ansi-regex": {
      "version": "5.0.1",
      "resolved": "https://registry.npmjs.org/ansi-regex/-/ansi-regex-5.0.1.tgz",
      "integrity": "sha512-quJQXlTSUGL2LH9SUXo8VwsY4soanhgo6LNSm84E1LBcE8s3O0wpdiRzyR9z/ZZJMlMWv37qOOb9pdJlMUEKFQ==",
      "license": "MIT",
      "engines": {
        "node": ">=8"
      }
    },
    "node_modules/string-width-cjs/node_modules/emoji-regex": {
      "version": "8.0.0",
      "resolved": "https://registry.npmjs.org/emoji-regex/-/emoji-regex-8.0.0.tgz",
      "integrity": "sha512-MSjYzcWNOA0ewAHpz0MxpYFvwg6yjy1NG3xteoqz644VCo/RPgnr1/GGt+ic3iJTzQ8Eu3TdM14SawnVUmGE6A==",
      "license": "MIT"
    },
    "node_modules/string-width-cjs/node_modules/strip-ansi": {
      "version": "6.0.1",
      "resolved": "https://registry.npmjs.org/strip-ansi/-/strip-ansi-6.0.1.tgz",
      "integrity": "sha512-Y38VPSHcqkFrCpFnQ9vuSXmquuv5oXOKpGeT6aGrr3o3Gc9AlVa6JBfUSOCnbxGGZF+/0ooI7KrPuUSztUdU5A==",
      "license": "MIT",
      "dependencies": {
        "ansi-regex": "^5.0.1"
      },
      "engines": {
        "node": ">=8"
      }
    },
    "node_modules/strip-ansi": {
      "version": "7.1.0",
      "resolved": "https://registry.npmjs.org/strip-ansi/-/strip-ansi-7.1.0.tgz",
      "integrity": "sha512-iq6eVVI64nQQTRYq2KtEg2d2uU7LElhTJwsH4YzIHZshxlgZms/wIc4VoDQTlG/IvVIrBKG06CrZnp0qv7hkcQ==",
      "license": "MIT",
      "dependencies": {
        "ansi-regex": "^6.0.1"
      },
      "engines": {
        "node": ">=12"
      },
      "funding": {
        "url": "https://github.com/chalk/strip-ansi?sponsor=1"
      }
    },
    "node_modules/strip-ansi-cjs": {
      "name": "strip-ansi",
      "version": "6.0.1",
      "resolved": "https://registry.npmjs.org/strip-ansi/-/strip-ansi-6.0.1.tgz",
      "integrity": "sha512-Y38VPSHcqkFrCpFnQ9vuSXmquuv5oXOKpGeT6aGrr3o3Gc9AlVa6JBfUSOCnbxGGZF+/0ooI7KrPuUSztUdU5A==",
      "license": "MIT",
      "dependencies": {
        "ansi-regex": "^5.0.1"
      },
      "engines": {
        "node": ">=8"
      }
    },
    "node_modules/strip-ansi-cjs/node_modules/ansi-regex": {
      "version": "5.0.1",
      "resolved": "https://registry.npmjs.org/ansi-regex/-/ansi-regex-5.0.1.tgz",
      "integrity": "sha512-quJQXlTSUGL2LH9SUXo8VwsY4soanhgo6LNSm84E1LBcE8s3O0wpdiRzyR9z/ZZJMlMWv37qOOb9pdJlMUEKFQ==",
      "license": "MIT",
      "engines": {
        "node": ">=8"
      }
    },
    "node_modules/which": {
      "version": "2.0.2",
      "resolved": "https://registry.npmjs.org/which/-/which-2.0.2.tgz",
      "integrity": "sha512-BLI3Tl1TW3Pvl70l3yq3Y64i+awpwXqsGBYWkkqMtnbXgrMD+yj7rhW0kuEDxzJaYXGjEW5ogapKNMEKNMjibA==",
      "license": "ISC",
      "dependencies": {
        "isexe": "^2.0.0"
      },
      "bin": {
        "node-which": "bin/node-which"
      },
      "engines": {
        "node": ">= 8"
      }
    },
    "node_modules/wrap-ansi": {
      "version": "8.1.0",
      "resolved": "https://registry.npmjs.org/wrap-ansi/-/wrap-ansi-8.1.0.tgz",
      "integrity": "sha512-si7QWI6zUMq56bESFvagtmzMdGOtoxfR+Sez11Mobfc7tm+VkUckk9bW2UeffTGVUbOksxmSw0AA2gs8g71NCQ==",
      "license": "MIT",
      "dependencies": {
        "ansi-styles": "^6.1.0",
        "string-width": "^5.0.1",
        "strip-ansi": "^7.0.1"
      },
      "engines": {
        "node": ">=12"
      },
      "funding": {
        "url": "https://github.com/chalk/wrap-ansi?sponsor=1"
      }
    },
    "node_modules/wrap-ansi-cjs": {
      "name": "wrap-ansi",
      "version": "7.0.0",
      "resolved": "https://registry.npmjs.org/wrap-ansi/-/wrap-ansi-7.0.0.tgz",
      "integrity": "sha512-YVGIj2kamLSTxw6NsZjoBxfSwsn0ycdesmc4p+Q21c5zPuZ1pl+NfxVdxPtdHvmNVOQ6XSYG4AUtyt/Fi7D16Q==",
      "license": "MIT",
      "dependencies": {
        "ansi-styles": "^4.0.0",
        "string-width": "^4.1.0",
        "strip-ansi": "^6.0.0"
      },
      "engines": {
        "node": ">=10"
      },
      "funding": {
        "url": "https://github.com/chalk/wrap-ansi?sponsor=1"
      }
    },
    "node_modules/wrap-ansi-cjs/node_modules/ansi-regex": {
      "version": "5.0.1",
      "resolved": "https://registry.npmjs.org/ansi-regex/-/ansi-regex-5.0.1.tgz",
      "integrity": "sha512-quJQXlTSUGL2LH9SUXo8VwsY4soanhgo6LNSm84E1LBcE8s3O0wpdiRzyR9z/ZZJMlMWv37qOOb9pdJlMUEKFQ==",
      "license": "MIT",
      "engines": {
        "node": ">=8"
      }
    },
    "node_modules/wrap-ansi-cjs/node_modules/ansi-styles": {
      "version": "4.3.0",
      "resolved": "https://registry.npmjs.org/ansi-styles/-/ansi-styles-4.3.0.tgz",
      "integrity": "sha512-zbB9rCJAT1rbjiVDb2hqKFHNYLxgtk8NURxZ3IZwD3F6NtxbXZQCnnSi1Lkx+IDohdPlFp222wVALIheZJQSEg==",
      "license": "MIT",
      "dependencies": {
        "color-convert": "^2.0.1"
      },
      "engines": {
        "node": ">=8"
      },
      "funding": {
        "url": "https://github.com/chalk/ansi-styles?sponsor=1"
      }
    },
    "node_modules/wrap-ansi-cjs/node_modules/emoji-regex": {
      "version": "8.0.0",
      "resolved": "https://registry.npmjs.org/emoji-regex/-/emoji-regex-8.0.0.tgz",
      "integrity": "sha512-MSjYzcWNOA0ewAHpz0MxpYFvwg6yjy1NG3xteoqz644VCo/RPgnr1/GGt+ic3iJTzQ8Eu3TdM14SawnVUmGE6A==",
      "license": "MIT"
    },
    "node_modules/wrap-ansi-cjs/node_modules/string-width": {
      "version": "4.2.3",
      "resolved": "https://registry.npmjs.org/string-width/-/string-width-4.2.3.tgz",
      "integrity": "sha512-wKyQRQpjJ0sIp62ErSZdGsjMJWsap5oRNihHhu6G7JVO/9jIB6UyevL+tXuOqrng8j/cxKTWyWUwvSTriiZz/g==",
      "license": "MIT",
      "dependencies": {
        "emoji-regex": "^8.0.0",
        "is-fullwidth-code-point": "^3.0.0",
        "strip-ansi": "^6.0.1"
      },
      "engines": {
        "node": ">=8"
      }
    },
    "node_modules/wrap-ansi-cjs/node_modules/strip-ansi": {
      "version": "6.0.1",
      "resolved": "https://registry.npmjs.org/strip-ansi/-/strip-ansi-6.0.1.tgz",
      "integrity": "sha512-Y38VPSHcqkFrCpFnQ9vuSXmquuv5oXOKpGeT6aGrr3o3Gc9AlVa6JBfUSOCnbxGGZF+/0ooI7KrPuUSztUdU5A==",
      "license": "MIT",
      "dependencies": {
        "ansi-regex": "^5.0.1"
      },
      "engines": {
        "node": ">=8"
      }
    }
  }
}
