version = 1
revision = 3
requires-python = ">=3.13"

[[package]]
name = "keybr-com-corpus"
version = "0.0.0"
source = { virtual = "." }
dependencies = [
  { name = "libvoikko" },
  { name = "pyenchant" },
]

[package.metadata]
requires-dist = [
  { name = "libvoikko", specifier = ">=4.3" },
  { name = "pyenchant", specifier = ">=3.3.0" },
]

[[package]]
name = "libvoikko"
version = "4.3"
source = { registry = "https://pypi.org/simple" }
sdist = { url = "https://files.pythonhosted.org/packages/cd/12/96d70c432646ed26e33eabe114dacecc239ec471787ffca3fdfa8b1c0170/libvoikko-4.3.tar.gz", hash = "sha256:35df124f7d0a5ee8f6d4efbfc1b28613eeceb94925aebc8badd6d40d8ae3b4be", size = 9552, upload-time = "2019-11-22T19:38:53.81Z" }
wheels = [
  { url = "https://files.pythonhosted.org/packages/ca/db/ab875d42670d92f77d8e73f4799cde51f2145bbddf450f9947074fb775f7/libvoikko-4.3-py3-none-any.whl", hash = "sha256:29abe70c04a21411263c73e005e952d62f641941a7965a41d86f773253577bb1", size = 9726, upload-time = "2019-11-22T19:38:51.338Z" },
]

[[package]]
name = "pyenchant"
version = "3.3.0"
source = { registry = "https://pypi.org/simple" }
sdist = { url = "https://files.pythonhosted.org/packages/36/ad/64925c937e41be75c7067c85757b3d45b148e9111187b37693269f583156/pyenchant-3.3.0.tar.gz", hash = "sha256:825288246b5debc9436f91967650974ef0d5636458502619e322c476f1283891", size = 60696, upload-time = "2025-09-14T16:23:12.113Z" }
wheels = [
  { url = "https://files.pythonhosted.org/packages/38/b0/35926bad6885fb7bc24aa7e1b45e6d86540c6c57ee4abc4fed1ef58d4ec0/pyenchant-3.3.0-py3-none-any.whl", hash = "sha256:3da00b1d01314d85aac733bb997415d7a3e875666dc81735ddcf320aa36b7a70", size = 58363, upload-time = "2025-09-14T16:23:04.297Z" },
  { url = "https://files.pythonhosted.org/packages/d6/7f/1d7b8ad86c2a841d940df7b965fa727e052b95d539e4c563da685c25d0d2/pyenchant-3.3.0-py3-none-win32.whl", hash = "sha256:1d55e075645a6edbb3c590fb42f9e02b4d455e4affe28a2227d5cb6d4868e626", size = 37787278, upload-time = "2025-09-14T16:23:06.629Z" },
  { url = "https://files.pythonhosted.org/packages/ad/ae/5624803b62ecb0a20248f0d28ed3f78c78746a032582a016d4b2890c7899/pyenchant-3.3.0-py3-none-win_amd64.whl", hash = "sha256:04a5bd0e022ebe2e8c6d9e498ec3d650602e264ec5486e9c6a1b7f99c9507c49", size = 37427576, upload-time = "2025-09-14T16:23:09.574Z" },
]
